
Microsoft Visual Studio Solution File, Format Version 12.00
# Visual Studio Version 17
VisualStudioVersion = 17.13.35828.75
MinimumVisualStudioVersion = 10.0.40219.1
Project("{FAE04EC0-301F-11D3-BF4B-00C04F79EFBC}") = "Do_an", "Do_an.csproj", "{F3A25D9C-D167-4CC0-9581-C428A36EB280}"
EndProject
Project("{2150E333-8FDC-42A3-9474-1A3956D46DE8}") = "FOCUS_VTT", "FOCUS_VTT", "{02EA681E-C7D8-13C7-8484-4AC65E1B71E8}"
EndProject
Global
	GlobalSection(SolutionConfigurationPlatforms) = preSolution
		Debug|Any CPU = Debug|Any CPU
		Release|Any CPU = Release|Any CPU
	EndGlobalSection
	GlobalSection(ProjectConfigurationPlatforms) = postSolution
		{F3A25D9C-D167-4CC0-9581-C428A36EB280}.Debug|Any CPU.ActiveCfg = Debug|Any CPU
		{F3A25D9C-D167-4CC0-9581-C428A36EB280}.Debug|Any CPU.Build.0 = Debug|Any CPU
		{F3A25D9C-D167-4CC0-9581-C428A36EB280}.Release|Any CPU.ActiveCfg = Release|Any CPU
		{F3A25D9C-D167-4CC0-9581-C428A36EB280}.Release|Any CPU.Build.0 = Release|Any CPU
	EndGlobalSection
	GlobalSection(SolutionProperties) = preSolution
		HideSolutionNode = FALSE
	EndGlobalSection
	GlobalSection(NestedProjects) = preSolution
		{F3A25D9C-D167-4CC0-9581-C428A36EB280} = {02EA681E-C7D8-13C7-8484-4AC65E1B71E8}
	EndGlobalSection
	GlobalSection(ExtensibilityGlobals) = postSolution
		SolutionGuid = {0269F6B5-8D51-4B5F-911C-BA6CF3792B10}
	EndGlobalSection
EndGlobal
